
Microsoft Visual Studio Solution File, Format Version 12.00
# Visual Studio Version 16
VisualStudioVersion = 16.0.29709.97
MinimumVisualStudioVersion = 10.0.40219.1
Project("{FAE04EC0-301F-11D3-BF4B-00C04F79EFBC}") = "Day2", "Day2.csproj", "{261052C0-FD14-4D50-8EA9-13D83E0493AF}"
EndProject
Global
	GlobalSection(SolutionConfigurationPlatforms) = preSolution
		Debug|Any CPU = Debug|Any CPU
		Release|Any CPU = Release|Any CPU
	EndGlobalSection
	GlobalSection(ProjectConfigurationPlatforms) = postSolution
		{261052C0-FD14-4D50-8EA9-13D83E0493AF}.Debug|Any CPU.ActiveCfg = Debug|Any CPU
		{261052C0-FD14-4D50-8EA9-13D83E0493AF}.Debug|Any CPU.Build.0 = Debug|Any CPU
		{261052C0-FD14-4D50-8EA9-13D83E0493AF}.Release|Any CPU.ActiveCfg = Release|Any CPU
		{261052C0-FD14-4D50-8EA9-13D83E0493AF}.Release|Any CPU.Build.0 = Release|Any CPU
	EndGlobalSection
	GlobalSection(SolutionProperties) = preSolution
		HideSolutionNode = FALSE
	EndGlobalSection
	GlobalSection(ExtensibilityGlobals) = postSolution
		SolutionGuid = {23AAA36C-1C18-4AD7-A514-094B3BEF1998}
	EndGlobalSection
EndGlobal
